
Microsoft Visual Studio Solution File, Format Version 12.00
Project("{FAE04EC0-301F-11D3-BF4B-00C04F79EFBC}") = "ChristianBeauty", "ChristianBeauty\ChristianBeauty.csproj", "{CFA85F25-2D81-42F3-9355-86EBA7CA5E68}"
EndProject
Global
	GlobalSection(SolutionConfigurationPlatforms) = preSolution
		Debug|Any CPU = Debug|Any CPU
		Release|Any CPU = Release|Any CPU
	EndGlobalSection
	GlobalSection(ProjectConfigurationPlatforms) = postSolution
		{CFA85F25-2D81-42F3-9355-86EBA7CA5E68}.Debug|Any CPU.ActiveCfg = Debug|Any CPU
		{CFA85F25-2D81-42F3-9355-86EBA7CA5E68}.Debug|Any CPU.Build.0 = Debug|Any CPU
		{CFA85F25-2D81-42F3-9355-86EBA7CA5E68}.Release|Any CPU.ActiveCfg = Release|Any CPU
		{CFA85F25-2D81-42F3-9355-86EBA7CA5E68}.Release|Any CPU.Build.0 = Release|Any CPU
	EndGlobalSection
EndGlobal
